
Microsoft Visual Studio Solution File, Format Version 12.00
# Visual Studio Version 17
VisualStudioVersion = 17.0.31903.59
MinimumVisualStudioVersion = 10.0.40219.1
Project("{FAE04EC0-301F-11D3-BF4B-00C04F79EFBC}") = "Otus_My_HomeWork", "Otus_My_HomeWork.csproj", "{43272745-583E-41E1-AB92-11278BDDAFBB}"
EndProject
Project("{FAE04EC0-301F-11D3-BF4B-00C04F79EFBC}") = "Otus.ToDoList.ConsoleBot", "Otus.ToDoList.ConsoleBot\Otus.ToDoList.ConsoleBot.csproj", "{33F54E88-73AD-4AFE-8B79-175426D07C41}"
EndProject
Global
	GlobalSection(SolutionConfigurationPlatforms) = preSolution
		Debug|Any CPU = Debug|Any CPU
		Debug|x64 = Debug|x64
		Debug|x86 = Debug|x86
		Release|Any CPU = Release|Any CPU
		Release|x64 = Release|x64
		Release|x86 = Release|x86
	EndGlobalSection
	GlobalSection(ProjectConfigurationPlatforms) = postSolution
		{43272745-583E-41E1-AB92-11278BDDAFBB}.Debug|Any CPU.ActiveCfg = Debug|Any CPU
		{43272745-583E-41E1-AB92-11278BDDAFBB}.Debug|Any CPU.Build.0 = Debug|Any CPU
		{43272745-583E-41E1-AB92-11278BDDAFBB}.Debug|x64.ActiveCfg = Debug|Any CPU
		{43272745-583E-41E1-AB92-11278BDDAFBB}.Debug|x64.Build.0 = Debug|Any CPU
		{43272745-583E-41E1-AB92-11278BDDAFBB}.Debug|x86.ActiveCfg = Debug|Any CPU
		{43272745-583E-41E1-AB92-11278BDDAFBB}.Debug|x86.Build.0 = Debug|Any CPU
		{43272745-583E-41E1-AB92-11278BDDAFBB}.Release|Any CPU.ActiveCfg = Release|Any CPU
		{43272745-583E-41E1-AB92-11278BDDAFBB}.Release|Any CPU.Build.0 = Release|Any CPU
		{43272745-583E-41E1-AB92-11278BDDAFBB}.Release|x64.ActiveCfg = Release|Any CPU
		{43272745-583E-41E1-AB92-11278BDDAFBB}.Release|x64.Build.0 = Release|Any CPU
		{43272745-583E-41E1-AB92-11278BDDAFBB}.Release|x86.ActiveCfg = Release|Any CPU
		{43272745-583E-41E1-AB92-11278BDDAFBB}.Release|x86.Build.0 = Release|Any CPU
		{33F54E88-73AD-4AFE-8B79-175426D07C41}.Debug|Any CPU.ActiveCfg = Debug|Any CPU
		{33F54E88-73AD-4AFE-8B79-175426D07C41}.Debug|Any CPU.Build.0 = Debug|Any CPU
		{33F54E88-73AD-4AFE-8B79-175426D07C41}.Debug|x64.ActiveCfg = Debug|Any CPU
		{33F54E88-73AD-4AFE-8B79-175426D07C41}.Debug|x64.Build.0 = Debug|Any CPU
		{33F54E88-73AD-4AFE-8B79-175426D07C41}.Debug|x86.ActiveCfg = Debug|Any CPU
		{33F54E88-73AD-4AFE-8B79-175426D07C41}.Debug|x86.Build.0 = Debug|Any CPU
		{33F54E88-73AD-4AFE-8B79-175426D07C41}.Release|Any CPU.ActiveCfg = Release|Any CPU
		{33F54E88-73AD-4AFE-8B79-175426D07C41}.Release|Any CPU.Build.0 = Release|Any CPU
		{33F54E88-73AD-4AFE-8B79-175426D07C41}.Release|x64.ActiveCfg = Release|Any CPU
		{33F54E88-73AD-4AFE-8B79-175426D07C41}.Release|x64.Build.0 = Release|Any CPU
		{33F54E88-73AD-4AFE-8B79-175426D07C41}.Release|x86.ActiveCfg = Release|Any CPU
		{33F54E88-73AD-4AFE-8B79-175426D07C41}.Release|x86.Build.0 = Release|Any CPU
	EndGlobalSection
	GlobalSection(SolutionProperties) = preSolution
		HideSolutionNode = FALSE
	EndGlobalSection
EndGlobal
